
Microsoft Visual Studio Solution File, Format Version 10.00
# Visual Studio 2008
Project("{8BC9CEB8-8B4A-11D0-8D11-00A0C91BC942}") = "package", "package\package.vcproj", "{22381DF4-7F37-4F7E-AB2E-31B1EA3179A2}"
	ProjectSection(ProjectDependencies) = postProject
		{A6A5AC72-E37E-49E2-A133-0931FB923C2B} = {A6A5AC72-E37E-49E2-A133-0931FB923C2B}
	EndProjectSection
EndProject
Project("{8BC9CEB8-8B4A-11D0-8D11-00A0C91BC942}") = "PnC", "PnC\PnC.vcproj", "{A6A5AC72-E37E-49E2-A133-0931FB923C2B}"
EndProject
Project("{E24C65DC-7377-472B-9ABA-BC803B73C61A}") = "packagingTest", "packagingTest\", "{0B0657F5-FDDA-4B88-A636-8EE75C1DA8F2}"
	ProjectSection(WebsiteProperties) = preProject
		TargetFramework = "3.5"
		Debug.AspNetCompiler.VirtualPath = "/packagingTest"
		Debug.AspNetCompiler.PhysicalPath = "packagingTest\"
		Debug.AspNetCompiler.TargetPath = "PrecompiledWeb\packagingTest\"
		Debug.AspNetCompiler.Updateable = "true"
		Debug.AspNetCompiler.ForceOverwrite = "true"
		Debug.AspNetCompiler.FixedNames = "false"
		Debug.AspNetCompiler.Debug = "True"
		Release.AspNetCompiler.VirtualPath = "/packagingTest"
		Release.AspNetCompiler.PhysicalPath = "packagingTest\"
		Release.AspNetCompiler.TargetPath = "PrecompiledWeb\packagingTest\"
		Release.AspNetCompiler.Updateable = "true"
		Release.AspNetCompiler.ForceOverwrite = "true"
		Release.AspNetCompiler.FixedNames = "false"
		Release.AspNetCompiler.Debug = "False"
		VWDPort = "51823"
	EndProjectSection
	ProjectSection(ProjectDependencies) = postProject
		{22381DF4-7F37-4F7E-AB2E-31B1EA3179A2} = {22381DF4-7F37-4F7E-AB2E-31B1EA3179A2}
	EndProjectSection
EndProject
Global
	GlobalSection(SolutionConfigurationPlatforms) = preSolution
		Debug|Any CPU = Debug|Any CPU
		Debug|Mixed Platforms = Debug|Mixed Platforms
		Debug|Win32 = Debug|Win32
		Release|Any CPU = Release|Any CPU
		Release|Mixed Platforms = Release|Mixed Platforms
		Release|Win32 = Release|Win32
	EndGlobalSection
	GlobalSection(ProjectConfigurationPlatforms) = postSolution
		{22381DF4-7F37-4F7E-AB2E-31B1EA3179A2}.Debug|Any CPU.ActiveCfg = Debug|Win32
		{22381DF4-7F37-4F7E-AB2E-31B1EA3179A2}.Debug|Mixed Platforms.ActiveCfg = Debug|Win32
		{22381DF4-7F37-4F7E-AB2E-31B1EA3179A2}.Debug|Mixed Platforms.Build.0 = Debug|Win32
		{22381DF4-7F37-4F7E-AB2E-31B1EA3179A2}.Debug|Win32.ActiveCfg = Debug|Win32
		{22381DF4-7F37-4F7E-AB2E-31B1EA3179A2}.Debug|Win32.Build.0 = Debug|Win32
		{22381DF4-7F37-4F7E-AB2E-31B1EA3179A2}.Release|Any CPU.ActiveCfg = Release|Win32
		{22381DF4-7F37-4F7E-AB2E-31B1EA3179A2}.Release|Mixed Platforms.ActiveCfg = Release|Win32
		{22381DF4-7F37-4F7E-AB2E-31B1EA3179A2}.Release|Mixed Platforms.Build.0 = Release|Win32
		{22381DF4-7F37-4F7E-AB2E-31B1EA3179A2}.Release|Win32.ActiveCfg = Release|Win32
		{22381DF4-7F37-4F7E-AB2E-31B1EA3179A2}.Release|Win32.Build.0 = Release|Win32
		{A6A5AC72-E37E-49E2-A133-0931FB923C2B}.Debug|Any CPU.ActiveCfg = Debug|Win32
		{A6A5AC72-E37E-49E2-A133-0931FB923C2B}.Debug|Mixed Platforms.ActiveCfg = Debug|Win32
		{A6A5AC72-E37E-49E2-A133-0931FB923C2B}.Debug|Mixed Platforms.Build.0 = Debug|Win32
		{A6A5AC72-E37E-49E2-A133-0931FB923C2B}.Debug|Win32.ActiveCfg = Debug|Win32
		{A6A5AC72-E37E-49E2-A133-0931FB923C2B}.Debug|Win32.Build.0 = Debug|Win32
		{A6A5AC72-E37E-49E2-A133-0931FB923C2B}.Release|Any CPU.ActiveCfg = Release|Win32
		{A6A5AC72-E37E-49E2-A133-0931FB923C2B}.Release|Mixed Platforms.ActiveCfg = Release|Win32
		{A6A5AC72-E37E-49E2-A133-0931FB923C2B}.Release|Mixed Platforms.Build.0 = Release|Win32
		{A6A5AC72-E37E-49E2-A133-0931FB923C2B}.Release|Win32.ActiveCfg = Release|Win32
		{A6A5AC72-E37E-49E2-A133-0931FB923C2B}.Release|Win32.Build.0 = Release|Win32
		{0B0657F5-FDDA-4B88-A636-8EE75C1DA8F2}.Debug|Any CPU.ActiveCfg = Debug|Any CPU
		{0B0657F5-FDDA-4B88-A636-8EE75C1DA8F2}.Debug|Any CPU.Build.0 = Debug|Any CPU
		{0B0657F5-FDDA-4B88-A636-8EE75C1DA8F2}.Debug|Mixed Platforms.ActiveCfg = Debug|Any CPU
		{0B0657F5-FDDA-4B88-A636-8EE75C1DA8F2}.Debug|Mixed Platforms.Build.0 = Debug|Any CPU
		{0B0657F5-FDDA-4B88-A636-8EE75C1DA8F2}.Debug|Win32.ActiveCfg = Debug|Any CPU
		{0B0657F5-FDDA-4B88-A636-8EE75C1DA8F2}.Release|Any CPU.ActiveCfg = Debug|Any CPU
		{0B0657F5-FDDA-4B88-A636-8EE75C1DA8F2}.Release|Any CPU.Build.0 = Debug|Any CPU
		{0B0657F5-FDDA-4B88-A636-8EE75C1DA8F2}.Release|Mixed Platforms.ActiveCfg = Debug|Any CPU
		{0B0657F5-FDDA-4B88-A636-8EE75C1DA8F2}.Release|Mixed Platforms.Build.0 = Debug|Any CPU
		{0B0657F5-FDDA-4B88-A636-8EE75C1DA8F2}.Release|Win32.ActiveCfg = Debug|Any CPU
	EndGlobalSection
	GlobalSection(SolutionProperties) = preSolution
		HideSolutionNode = FALSE
	EndGlobalSection
EndGlobal
